
Microsoft Visual Studio Solution File, Format Version 12.00
# Visual Studio Version 16
VisualStudioVersion = 16.0.30114.105
MinimumVisualStudioVersion = 10.0.40219.1
Project("{FAE04EC0-301F-11D3-BF4B-00C04F79EFBC}") = "WaiterSummoner", "WaiterSummoner.csproj", "{2C588E3C-55B9-4C61-BA12-A4C636F28CE1}"
EndProject
Global
	GlobalSection(SolutionConfigurationPlatforms) = preSolution
		Debug|Any CPU = Debug|Any CPU
		Release|Any CPU = Release|Any CPU
	EndGlobalSection
	GlobalSection(ProjectConfigurationPlatforms) = postSolution
		{2C588E3C-55B9-4C61-BA12-A4C636F28CE1}.Debug|Any CPU.ActiveCfg = Debug|Any CPU
		{2C588E3C-55B9-4C61-BA12-A4C636F28CE1}.Debug|Any CPU.Build.0 = Debug|Any CPU
		{2C588E3C-55B9-4C61-BA12-A4C636F28CE1}.Release|Any CPU.ActiveCfg = Release|Any CPU
		{2C588E3C-55B9-4C61-BA12-A4C636F28CE1}.Release|Any CPU.Build.0 = Release|Any CPU
	EndGlobalSection
	GlobalSection(SolutionProperties) = preSolution
		HideSolutionNode = FALSE
	EndGlobalSection
	GlobalSection(ExtensibilityGlobals) = postSolution
		SolutionGuid = {BD4F0600-5F39-4B10-9F53-11A3EA1A3EF7}
	EndGlobalSection
EndGlobal
